
Microsoft Visual Studio Solution File, Format Version 12.00
# Visual Studio 14
VisualStudioVersion = 14.0.23107.0
MinimumVisualStudioVersion = 10.0.40219.1
Project("{FAE04EC0-301F-11D3-BF4B-00C04F79EFBC}") = "SyncData", "SyncData.csproj", "{E5410824-BF67-476E-AD52-23C6E1B967FD}"
EndProject
Global
	GlobalSection(SolutionConfigurationPlatforms) = preSolution
		Debug|Any CPU = Debug|Any CPU
		Release|Any CPU = Release|Any CPU
	EndGlobalSection
	GlobalSection(ProjectConfigurationPlatforms) = postSolution
		{E5410824-BF67-476E-AD52-23C6E1B967FD}.Debug|Any CPU.ActiveCfg = Debug|Any CPU
		{E5410824-BF67-476E-AD52-23C6E1B967FD}.Debug|Any CPU.Build.0 = Debug|Any CPU
		{E5410824-BF67-476E-AD52-23C6E1B967FD}.Release|Any CPU.ActiveCfg = Release|Any CPU
		{E5410824-BF67-476E-AD52-23C6E1B967FD}.Release|Any CPU.Build.0 = Release|Any CPU
	EndGlobalSection
	GlobalSection(SolutionProperties) = preSolution
		HideSolutionNode = FALSE
	EndGlobalSection
EndGlobal
